
Microsoft Visual Studio Solution File, Format Version 11.00
# Visual Studio 2010
Project("{8BC9CEB8-8B4A-11D0-8D11-00A0C91BC942}") = "SnappyDL", "SnappyDL\SnappyDL.vcxproj", "{FC68193F-120F-4587-8676-5624BBBA979F}"
EndProject
Global
	GlobalSection(SolutionConfigurationPlatforms) = preSolution
		Debug|Any CPU = Debug|Any CPU
		Debug|x64 = Debug|x64
		Debug|x86 = Debug|x86
		Release|Any CPU = Release|Any CPU
		Release|x64 = Release|x64
		Release|x86 = Release|x86
	EndGlobalSection
	GlobalSection(ProjectConfigurationPlatforms) = postSolution
		{FC68193F-120F-4587-8676-5624BBBA979F}.Debug|Any CPU.ActiveCfg = Debug|x64
		{FC68193F-120F-4587-8676-5624BBBA979F}.Debug|x64.ActiveCfg = Debug|x64
		{FC68193F-120F-4587-8676-5624BBBA979F}.Debug|x64.Build.0 = Debug|x64
		{FC68193F-120F-4587-8676-5624BBBA979F}.Debug|x86.ActiveCfg = Debug|x64
		{FC68193F-120F-4587-8676-5624BBBA979F}.Release|Any CPU.ActiveCfg = Release|x64
		{FC68193F-120F-4587-8676-5624BBBA979F}.Release|Any CPU.Build.0 = Release|x64
		{FC68193F-120F-4587-8676-5624BBBA979F}.Release|x64.ActiveCfg = Release|x64
		{FC68193F-120F-4587-8676-5624BBBA979F}.Release|x64.Build.0 = Release|x64
		{FC68193F-120F-4587-8676-5624BBBA979F}.Release|x86.ActiveCfg = Release|Win32
		{FC68193F-120F-4587-8676-5624BBBA979F}.Release|x86.Build.0 = Release|Win32
	EndGlobalSection
	GlobalSection(SolutionProperties) = preSolution
		HideSolutionNode = FALSE
	EndGlobalSection
EndGlobal
